// !$*UTF8*$!
{
	archiveVersion = 1;
	classes = {
	};
	objectVersion = 50;
	objects = {

/* Begin PBXBuildFile section */
		D561CD0325B94F6B0004C243 /* AppDelegate.swift in Sources */ = {isa = PBXBuildFile; fileRef = D561CD0225B94F6B0004C243 /* AppDelegate.swift */; };
		D561CD0525B94F6B0004C243 /* SceneDelegate.swift in Sources */ = {isa = PBXBuildFile; fileRef = D561CD0425B94F6B0004C243 /* SceneDelegate.swift */; };
		D561CD0725B94F6B0004C243 /* ViewController.swift in Sources */ = {isa = PBXBuildFile; fileRef = D561CD0625B94F6B0004C243 /* ViewController.swift */; };
		D561CD0A25B94F6B0004C243 /* Main.storyboard in Resources */ = {isa = PBXBuildFile; fileRef = D561CD0825B94F6B0004C243 /* Main.storyboard */; };
		D561CD0C25B94F720004C243 /* Assets.xcassets in Resources */ = {isa = PBXBuildFile; fileRef = D561CD0B25B94F720004C243 /* Assets.xcassets */; };
		D561CD0F25B94F720004C243 /* LaunchScreen.storyboard in Resources */ = {isa = PBXBuildFile; fileRef = D561CD0D25B94F720004C243 /* LaunchScreen.storyboard */; };
		D561CD1925B958BE0004C243 /* CoreLocation.framework in Frameworks */ = {isa = PBXBuildFile; fileRef = D561CD1825B958BE0004C243 /* CoreLocation.framework */; };
/* End PBXBuildFile section */

/* Begin PBXFileReference section */
		D561CCFF25B94F6B0004C243 /* SampleGPSNew.app */ = {isa = PBXFileReference; explicitFileType = wrapper.application; includeInIndex = 0; path = SampleGPSNew.app; sourceTree = BUILT_PRODUCTS_DIR; };
		D561CD0225B94F6B0004C243 /* AppDelegate.swift */ = {isa = PBXFileReference; lastKnownFileType = sourcecode.swift; path = AppDelegate.swift; sourceTree = "<group>"; };
		D561CD0425B94F6B0004C243 /* SceneDelegate.swift */ = {isa = PBXFileReference; lastKnownFileType = sourcecode.swift; path = SceneDelegate.swift; sourceTree = "<group>"; };
		D561CD0625B94F6B0004C243 /* ViewController.swift */ = {isa = PBXFileReference; lastKnownFileType = sourcecode.swift; path = ViewController.swift; sourceTree = "<group>"; };
		D561CD0925B94F6B0004C243 /* Base */ = {isa = PBXFileReference; lastKnownFileType = file.storyboard; name = Base; path = Base.lproj/Main.storyboard; sourceTree = "<group>"; };
		D561CD0B25B94F720004C243 /* Assets.xcassets */ = {isa = PBXFileReference; lastKnownFileType = folder.assetcatalog; path = Assets.xcassets; sourceTree = "<group>"; };
		D561CD0E25B94F720004C243 /* Base */ = {isa = PBXFileReference; lastKnownFileType = file.storyboard; name = Base; path = Base.lproj/LaunchScreen.storyboard; sourceTree = "<group>"; };
		D561CD1025B94F720004C243 /* Info.plist */ = {isa = PBXFileReference; lastKnownFileType = text.plist.xml; path = Info.plist; sourceTree = "<group>"; };
		D561CD1825B958BE0004C243 /* CoreLocation.framework */ = {isa = PBXFileReference; lastKnownFileType = wrapper.framework; name = CoreLocation.framework; path = System/Library/Frameworks/CoreLocation.framework; sourceTree = SDKROOT; };
/* End PBXFileReference section */

/* Begin PBXFrameworksBuildPhase section */
		D561CCFC25B94F6B0004C243 /* Frameworks */ = {
			isa = PBXFrameworksBuildPhase;
			buildActionMask = 2147483647;
			files = (
				D561CD1925B958BE0004C243 /* CoreLocation.framework in Frameworks */,
			);
			runOnlyForDeploymentPostprocessing = 0;
		};
/* End PBXFrameworksBuildPhase section */

/* Begin PBXGroup section */
		D561CCF625B94F6B0004C243 = {
			isa = PBXGroup;
			children = (
				D561CD0125B94F6B0004C243 /* SampleGPSNew */,
				D561CD0025B94F6B0004C243 /* Products */,
				D561CD1725B958BD0004C243 /* Frameworks */,
			);
			sourceTree = "<group>";
		};
		D561CD0025B94F6B0004C243 /* Products */ = {
			isa = PBXGroup;
			children = (
				D561CCFF25B94F6B0004C243 /* SampleGPSNew.app */,
			);
			name = Products;
			sourceTree = "<group>";
		};
		D561CD0125B94F6B0004C243 /* SampleGPSNew */ = {
			isa = PBXGroup;
			children = (
				D561CD0225B94F6B0004C243 /* AppDelegate.swift */,
				D561CD0425B94F6B0004C243 /* SceneDelegate.swift */,
				D561CD0625B94F6B0004C243 /* ViewController.swift */,
				D561CD0825B94F6B0004C243 /* Main.storyboard */,
				D561CD0B25B94F720004C243 /* Assets.xcassets */,
				D561CD0D25B94F720004C243 /* LaunchScreen.storyboard */,
				D561CD1025B94F720004C243 /* Info.plist */,
			);
			path = SampleGPSNew;
			sourceTree = "<group>";
		};
		D561CD1725B958BD0004C243 /* Frameworks */ = {
			isa = PBXGroup;
			children = (
				D561CD1825B958BE0004C243 /* CoreLocation.framework */,
			);
			name = Frameworks;
			sourceTree = "<group>";
		};
/* End PBXGroup section */

/* Begin PBXNativeTarget section */
		D561CCFE25B94F6B0004C243 /* SampleGPSNew */ = {
			isa = PBXNativeTarget;
			buildConfigurationList = D561CD1325B94F720004C243 /* Build configuration list for PBXNativeTarget "SampleGPSNew" */;
			buildPhases = (
				D561CCFB25B94F6B0004C243 /* Sources */,
				D561CCFC25B94F6B0004C243 /* Frameworks */,
				D561CCFD25B94F6B0004C243 /* Resources */,
			);
			buildRules = (
			);
			dependencies = (
			);
			name = SampleGPSNew;
			productName = SampleGPSNew;
			productReference = D561CCFF25B94F6B0004C243 /* SampleGPSNew.app */;
			productType = "com.apple.product-type.application";
		};
/* End PBXNativeTarget section */

/* Begin PBXProject section */
		D561CCF725B94F6B0004C243 /* Project object */ = {
			isa = PBXProject;
			attributes = {
				LastSwiftUpdateCheck = 1220;
				LastUpgradeCheck = 1220;
				TargetAttributes = {
					D561CCFE25B94F6B0004C243 = {
						CreatedOnToolsVersion = 12.2;
					};
				};
			};
			buildConfigurationList = D561CCFA25B94F6B0004C243 /* Build configuration list for PBXProject "SampleGPSNew" */;
			compatibilityVersion = "Xcode 9.3";
			developmentRegion = en;
			hasScannedForEncodings = 0;
			knownRegions = (
				en,
				Base,
			);
			mainGroup = D561CCF625B94F6B0004C243;
			productRefGroup = D561CD0025B94F6B0004C243 /* Products */;
			projectDirPath = "";
			projectRoot = "";
			targets = (
				D561CCFE25B94F6B0004C243 /* SampleGPSNew */,
			);
		};
/* End PBXProject section */

/* Begin PBXResourcesBuildPhase section */
		D561CCFD25B94F6B0004C243 /* Resources */ = {
			isa = PBXResourcesBuildPhase;
			buildActionMask = 2147483647;
			files = (
				D561CD0F25B94F720004C243 /* LaunchScreen.storyboard in Resources */,
				D561CD0C25B94F720004C243 /* Assets.xcassets in Resources */,
				D561CD0A25B94F6B0004C243 /* Main.storyboard in Resources */,
			);
			runOnlyForDeploymentPostprocessing = 0;
		};
/* End PBXResourcesBuildPhase section */

/* Begin PBXSourcesBuildPhase section */
		D561CCFB25B94F6B0004C243 /* Sources */ = {
			isa = PBXSourcesBuildPhase;
			buildActionMask = 2147483647;
			files = (
				D561CD0725B94F6B0004C243 /* ViewController.swift in Sources */,
				D561CD0325B94F6B0004C243 /* AppDelegate.swift in Sources */,
				D561CD0525B94F6B0004C243 /* SceneDelegate.swift in Sources */,
			);
			runOnlyForDeploymentPostprocessing = 0;
		};
/* End PBXSourcesBuildPhase section */

/* Begin PBXVariantGroup section */
		D561CD0825B94F6B0004C243 /* Main.storyboard */ = {
			isa = PBXVariantGroup;
			children = (
				D561CD0925B94F6B0004C243 /* Base */,
			);
			name = Main.storyboard;
			sourceTree = "<group>";
		};
		D561CD0D25B94F720004C243 /* LaunchScreen.storyboard */ = {
			isa = PBXVariantGroup;
			children = (
				D561CD0E25B94F720004C243 /* Base */,
			);
			name = LaunchScreen.storyboard;
			sourceTree = "<group>";
		};
/* End PBXVariantGroup section */

/* Begin XCBuildConfiguration section */
		D561CD1125B94F720004C243 /* Debug */ = {
			isa = XCBuildConfiguration;
			buildSettings = {
				ALWAYS_SEARCH_USER_PATHS = NO;
				CLANG_ANALYZER_NONNULL = YES;
				CLANG_ANALYZER_NUMBER_OBJECT_CONVERSION = YES_AGGRESSIVE;
				CLANG_CXX_LANGUAGE_STANDARD = "gnu++14";
				CLANG_CXX_LIBRARY = "libc++";
				CLANG_ENABLE_MODULES = YES;
				CLANG_ENABLE_OBJC_ARC = YES;
				CLANG_ENABLE_OBJC_WEAK = YES;
				CLANG_WARN_BLOCK_CAPTURE_AUTORELEASING = YES;
				CLANG_WARN_BOOL_CONVERSION = YES;
				CLANG_WARN_COMMA = YES;
				CLANG_WARN_CONSTANT_CONVERSION = YES;
				CLANG_WARN_DEPRECATED_OBJC_IMPLEMENTATIONS = YES;
				CLANG_WARN_DIRECT_OBJC_ISA_USAGE = YES_ERROR;
				CLANG_WARN_DOCUMENTATION_COMMENTS = YES;
				CLANG_WARN_EMPTY_BODY = YES;
				CLANG_WARN_ENUM_CONVERSION = YES;
				CLANG_WARN_INFINITE_RECURSION = YES;
				CLANG_WARN_INT_CONVERSION = YES;
				CLANG_WARN_NON_LITERAL_NULL_CONVERSION = YES;
				CLANG_WARN_OBJC_IMPLICIT_RETAIN_SELF = YES;
				CLANG_WARN_OBJC_LITERAL_CONVERSION = YES;
				CLANG_WARN_OBJC_ROOT_CLASS = YES_ERROR;
				CLANG_WARN_QUOTED_INCLUDE_IN_FRAMEWORK_HEADER = YES;
				CLANG_WARN_RANGE_LOOP_ANALYSIS = YES;
				CLANG_WARN_STRICT_PROTOTYPES = YES;
				CLANG_WARN_SUSPICIOUS_MOVE = YES;
				CLANG_WARN_UNGUARDED_AVAILABILITY = YES_AGGRESSIVE;
				CLANG_WARN_UNREACHABLE_CODE = YES;
				CLANG_WARN__DUPLICATE_METHOD_MATCH = YES;
				COPY_PHASE_STRIP = NO;
				DEBUG_INFORMATION_FORMAT = dwarf;
				ENABLE_STRICT_OBJC_MSGSEND = YES;
				ENABLE_TESTABILITY = YES;
				GCC_C_LANGUAGE_STANDARD = gnu11;
				GCC_DYNAMIC_NO_PIC = NO;
				GCC_NO_COMMON_BLOCKS = YES;
				GCC_OPTIMIZATION_LEVEL = 0;
				GCC_PREPROCESSOR_DEFINITIONS = (
					"DEBUG=1",
					"$(inherited)",
				);
				GCC_WARN_64_TO_32_BIT_CONVERSION = YES;
				GCC_WARN_ABOUT_RETURN_TYPE = YES_ERROR;
				GCC_WARN_UNDECLARED_SELECTOR = YES;
				GCC_WARN_UNINITIALIZED_AUTOS = YES_AGGRESSIVE;
				GCC_WARN_UNUSED_FUNCTION = YES;
				GCC_WARN_UNUSED_VARIABLE = YES;
				IPHONEOS_DEPLOYMENT_TARGET = 14.2;
				MTL_ENABLE_DEBUG_INFO = INCLUDE_SOURCE;
				MTL_FAST_MATH = YES;
				ONLY_ACTIVE_ARCH = YES;
				SDKROOT = iphoneos;
				SWIFT_ACTIVE_COMPILATION_CONDITIONS = DEBUG;
				SWIFT_OPTIMIZATION_LEVEL = "-Onone";
			};
			name = Debug;
		};
		D561CD1225B94F720004C243 /* Release */ = {
			isa = XCBuildConfiguration;
			buildSettings = {
				ALWAYS_SEARCH_USER_PATHS = NO;
				CLANG_ANALYZER_NONNULL = YES;
				CLANG_ANALYZER_NUMBER_OBJECT_CONVERSION = YES_AGGRESSIVE;
				CLANG_CXX_LANGUAGE_STANDARD = "gnu++14";
				CLANG_CXX_LIBRARY = "libc++";
				CLANG_ENABLE_MODULES = YES;
				CLANG_ENABLE_OBJC_ARC = YES;
				CLANG_ENABLE_OBJC_WEAK = YES;
				CLANG_WARN_BLOCK_CAPTURE_AUTORELEASING = YES;
				CLANG_WARN_BOOL_CONVERSION = YES;
				CLANG_WARN_COMMA = YES;
				CLANG_WARN_CONSTANT_CONVERSION = YES;
				CLANG_WARN_DEPRECATED_OBJC_IMPLEMENTATIONS = YES;
				CLANG_WARN_DIRECT_OBJC_ISA_USAGE = YES_ERROR;
				CLANG_WARN_DOCUMENTATION_COMMENTS = YES;
				CLANG_WARN_EMPTY_BODY = YES;
				CLANG_WARN_ENUM_CONVERSION = YES;
				CLANG_WARN_INFINITE_RECURSION = YES;
				CLANG_WARN_INT_CONVERSION = YES;
				CLANG_WARN_NON_LITERAL_NULL_CONVERSION = YES;
				CLANG_WARN_OBJC_IMPLICIT_RETAIN_SELF = YES;
				CLANG_WARN_OBJC_LITERAL_CONVERSION = YES;
				CLANG_WARN_OBJC_ROOT_CLASS = YES_ERROR;
				CLANG_WARN_QUOTED_INCLUDE_IN_FRAMEWORK_HEADER = YES;
				CLANG_WARN_RANGE_LOOP_ANALYSIS = YES;
				CLANG_WARN_STRICT_PROTOTYPES = YES;
				CLANG_WARN_SUSPICIOUS_MOVE = YES;
				CLANG_WARN_UNGUARDED_AVAILABILITY = YES_AGGRESSIVE;
				CLANG_WARN_UNREACHABLE_CODE = YES;
				CLANG_WARN__DUPLICATE_METHOD_MATCH = YES;
				COPY_PHASE_STRIP = NO;
				DEBUG_INFORMATION_FORMAT = "dwarf-with-dsym";
				ENABLE_NS_ASSERTIONS = NO;
				ENABLE_STRICT_OBJC_MSGSEND = YES;
				GCC_C_LANGUAGE_STANDARD = gnu11;
				GCC_NO_COMMON_BLOCKS = YES;
				GCC_WARN_64_TO_32_BIT_CONVERSION = YES;
				GCC_WARN_ABOUT_RETURN_TYPE = YES_ERROR;
				GCC_WARN_UNDECLARED_SELECTOR = YES;
				GCC_WARN_UNINITIALIZED_AUTOS = YES_AGGRESSIVE;
				GCC_WARN_UNUSED_FUNCTION = YES;
				GCC_WARN_UNUSED_VARIABLE = YES;
				IPHONEOS_DEPLOYMENT_TARGET = 14.2;
				MTL_ENABLE_DEBUG_INFO = NO;
				MTL_FAST_MATH = YES;
				SDKROOT = iphoneos;
				SWIFT_COMPILATION_MODE = wholemodule;
				SWIFT_OPTIMIZATION_LEVEL = "-O";
				VALIDATE_PRODUCT = YES;
			};
			name = Release;
		};
		D561CD1425B94F720004C243 /* Debug */ = {
			isa = XCBuildConfiguration;
			buildSettings = {
				ASSETCATALOG_COMPILER_APPICON_NAME = AppIcon;
				ASSETCATALOG_COMPILER_GLOBAL_ACCENT_COLOR_NAME = AccentColor;
				CODE_SIGN_STYLE = Automatic;
				DEVELOPMENT_TEAM = 27A3T5R2AZ;
				INFOPLIST_FILE = SampleGPSNew/Info.plist;
				LD_RUNPATH_SEARCH_PATHS = (
					"$(inherited)",
					"@executable_path/Frameworks",
				);
				PRODUCT_BUNDLE_IDENTIFIER = jp.example.SampleGPSNew;
				PRODUCT_NAME = "$(TARGET_NAME)";
				SWIFT_VERSION = 5.0;
				TARGETED_DEVICE_FAMILY = "1,2";
			};
			name = Debug;
		};
		D561CD1525B94F720004C243 /* Release */ = {
			isa = XCBuildConfiguration;
			buildSettings = {
				ASSETCATALOG_COMPILER_APPICON_NAME = AppIcon;
				ASSETCATALOG_COMPILER_GLOBAL_ACCENT_COLOR_NAME = AccentColor;
				CODE_SIGN_STYLE = Automatic;
				DEVELOPMENT_TEAM = 27A3T5R2AZ;
				INFOPLIST_FILE = SampleGPSNew/Info.plist;
				LD_RUNPATH_SEARCH_PATHS = (
					"$(inherited)",
					"@executable_path/Frameworks",
				);
				PRODUCT_BUNDLE_IDENTIFIER = jp.example.SampleGPSNew;
				PRODUCT_NAME = "$(TARGET_NAME)";
				SWIFT_VERSION = 5.0;
				TARGETED_DEVICE_FAMILY = "1,2";
			};
			name = Release;
		};
/* End XCBuildConfiguration section */

/* Begin XCConfigurationList section */
		D561CCFA25B94F6B0004C243 /* Build configuration list for PBXProject "SampleGPSNew" */ = {
			isa = XCConfigurationList;
			buildConfigurations = (
				D561CD1125B94F720004C243 /* Debug */,
				D561CD1225B94F720004C243 /* Release */,
			);
			defaultConfigurationIsVisible = 0;
			defaultConfigurationName = Release;
		};
		D561CD1325B94F720004C243 /* Build configuration list for PBXNativeTarget "SampleGPSNew" */ = {
			isa = XCConfigurationList;
			buildConfigurations = (
				D561CD1425B94F720004C243 /* Debug */,
				D561CD1525B94F720004C243 /* Release */,
			);
			defaultConfigurationIsVisible = 0;
			defaultConfigurationName = Release;
		};
/* End XCConfigurationList section */
	};
	rootObject = D561CCF725B94F6B0004C243 /* Project object */;
}
